// !$*UTF8*$!
{
	archiveVersion = 1;
	classes = {
	};
	objectVersion = 56;
	objects = {

/* Begin PBXBuildFile section */
		415217122BB4B11F00E42E16 /* pbApp.swift in Sources */ = {isa = PBXBuildFile; fileRef = 415217112BB4B11F00E42E16 /* pbApp.swift */; };
		415217142BB4B11F00E42E16 /* ContentView.swift in Sources */ = {isa = PBXBuildFile; fileRef = 415217132BB4B11F00E42E16 /* ContentView.swift */; };
		415217162BB4B11F00E42E16 /* Item.swift in Sources */ = {isa = PBXBuildFile; fileRef = 415217152BB4B11F00E42E16 /* Item.swift */; };
		415217182BB4B12100E42E16 /* Assets.xcassets in Resources */ = {isa = PBXBuildFile; fileRef = 415217172BB4B12100E42E16 /* Assets.xcassets */; };
		4152171C2BB4B12100E42E16 /* Preview Assets.xcassets in Resources */ = {isa = PBXBuildFile; fileRef = 4152171B2BB4B12100E42E16 /* Preview Assets.xcassets */; };
		415217262BB4B12200E42E16 /* pbTests.swift in Sources */ = {isa = PBXBuildFile; fileRef = 415217252BB4B12200E42E16 /* pbTests.swift */; };
		415217302BB4B12200E42E16 /* pbUITests.swift in Sources */ = {isa = PBXBuildFile; fileRef = 4152172F2BB4B12200E42E16 /* pbUITests.swift */; };
		415217322BB4B12200E42E16 /* pbUITestsLaunchTests.swift in Sources */ = {isa = PBXBuildFile; fileRef = 415217312BB4B12200E42E16 /* pbUITestsLaunchTests.swift */; };
		4152173F2BB4B18E00E42E16 /* scoreView.swift in Sources */ = {isa = PBXBuildFile; fileRef = 4152173E2BB4B18E00E42E16 /* scoreView.swift */; };
		415217472BB4BB1600E42E16 /* pb_watchApp.swift in Sources */ = {isa = PBXBuildFile; fileRef = 415217462BB4BB1600E42E16 /* pb_watchApp.swift */; };
		415217492BB4BB1600E42E16 /* ContentView.swift in Sources */ = {isa = PBXBuildFile; fileRef = 415217482BB4BB1600E42E16 /* ContentView.swift */; };
		4152174B2BB4BB1900E42E16 /* Assets.xcassets in Resources */ = {isa = PBXBuildFile; fileRef = 4152174A2BB4BB1900E42E16 /* Assets.xcassets */; };
		4152174E2BB4BB1900E42E16 /* Preview Assets.xcassets in Resources */ = {isa = PBXBuildFile; fileRef = 4152174D2BB4BB1900E42E16 /* Preview Assets.xcassets */; };
		415217582BB4BB1900E42E16 /* pb_watch_Watch_AppTests.swift in Sources */ = {isa = PBXBuildFile; fileRef = 415217572BB4BB1900E42E16 /* pb_watch_Watch_AppTests.swift */; };
		415217622BB4BB1900E42E16 /* pb_watch_Watch_AppUITests.swift in Sources */ = {isa = PBXBuildFile; fileRef = 415217612BB4BB1900E42E16 /* pb_watch_Watch_AppUITests.swift */; };
		415217642BB4BB1900E42E16 /* pb_watch_Watch_AppUITestsLaunchTests.swift in Sources */ = {isa = PBXBuildFile; fileRef = 415217632BB4BB1900E42E16 /* pb_watch_Watch_AppUITestsLaunchTests.swift */; };
		415217672BB4BB1900E42E16 /* pb-watch Watch App.app in Embed Watch Content */ = {isa = PBXBuildFile; fileRef = 415217442BB4BB1600E42E16 /* pb-watch Watch App.app */; settings = {ATTRIBUTES = (RemoveHeadersOnCopy, ); }; };
		415217732BB4BC9C00E42E16 /* controlsView.swift in Sources */ = {isa = PBXBuildFile; fileRef = 415217722BB4BC9C00E42E16 /* controlsView.swift */; };
		415217752BB4C01C00E42E16 /* WatchConnector.swift in Sources */ = {isa = PBXBuildFile; fileRef = 415217742BB4C01C00E42E16 /* WatchConnector.swift */; };
		415217772BB4C1FE00E42E16 /* PhoneConnector.swift in Sources */ = {isa = PBXBuildFile; fileRef = 415217762BB4C1FE00E42E16 /* PhoneConnector.swift */; };
/* End PBXBuildFile section */

/* Begin PBXContainerItemProxy section */
		415217222BB4B12200E42E16 /* PBXContainerItemProxy */ = {
			isa = PBXContainerItemProxy;
			containerPortal = 415217062BB4B11F00E42E16 /* Project object */;
			proxyType = 1;
			remoteGlobalIDString = 4152170D2BB4B11F00E42E16;
			remoteInfo = pb;
		};
		4152172C2BB4B12200E42E16 /* PBXContainerItemProxy */ = {
			isa = PBXContainerItemProxy;
			containerPortal = 415217062BB4B11F00E42E16 /* Project object */;
			proxyType = 1;
			remoteGlobalIDString = 4152170D2BB4B11F00E42E16;
			remoteInfo = pb;
		};
		415217542BB4BB1900E42E16 /* PBXContainerItemProxy */ = {
			isa = PBXContainerItemProxy;
			containerPortal = 415217062BB4B11F00E42E16 /* Project object */;
			proxyType = 1;
			remoteGlobalIDString = 415217432BB4BB1600E42E16;
			remoteInfo = "pb-watch Watch App";
		};
		4152175E2BB4BB1900E42E16 /* PBXContainerItemProxy */ = {
			isa = PBXContainerItemProxy;
			containerPortal = 415217062BB4B11F00E42E16 /* Project object */;
			proxyType = 1;
			remoteGlobalIDString = 415217432BB4BB1600E42E16;
			remoteInfo = "pb-watch Watch App";
		};
		415217652BB4BB1900E42E16 /* PBXContainerItemProxy */ = {
			isa = PBXContainerItemProxy;
			containerPortal = 415217062BB4B11F00E42E16 /* Project object */;
			proxyType = 1;
			remoteGlobalIDString = 415217432BB4BB1600E42E16;
			remoteInfo = "pb-watch Watch App";
		};
/* End PBXContainerItemProxy section */

/* Begin PBXCopyFilesBuildPhase section */
		4152176B2BB4BB1900E42E16 /* Embed Watch Content */ = {
			isa = PBXCopyFilesBuildPhase;
			buildActionMask = 2147483647;
			dstPath = "$(CONTENTS_FOLDER_PATH)/Watch";
			dstSubfolderSpec = 16;
			files = (
				415217672BB4BB1900E42E16 /* pb-watch Watch App.app in Embed Watch Content */,
			);
			name = "Embed Watch Content";
			runOnlyForDeploymentPostprocessing = 0;
		};
/* End PBXCopyFilesBuildPhase section */

/* Begin PBXFileReference section */
		4152170E2BB4B11F00E42E16 /* pb.app */ = {isa = PBXFileReference; explicitFileType = wrapper.application; includeInIndex = 0; path = pb.app; sourceTree = BUILT_PRODUCTS_DIR; };
		415217112BB4B11F00E42E16 /* pbApp.swift */ = {isa = PBXFileReference; lastKnownFileType = sourcecode.swift; path = pbApp.swift; sourceTree = "<group>"; };
		415217132BB4B11F00E42E16 /* ContentView.swift */ = {isa = PBXFileReference; lastKnownFileType = sourcecode.swift; path = ContentView.swift; sourceTree = "<group>"; };
		415217152BB4B11F00E42E16 /* Item.swift */ = {isa = PBXFileReference; lastKnownFileType = sourcecode.swift; path = Item.swift; sourceTree = "<group>"; };
		415217172BB4B12100E42E16 /* Assets.xcassets */ = {isa = PBXFileReference; lastKnownFileType = folder.assetcatalog; path = Assets.xcassets; sourceTree = "<group>"; };
		415217192BB4B12100E42E16 /* pb.entitlements */ = {isa = PBXFileReference; lastKnownFileType = text.plist.entitlements; path = pb.entitlements; sourceTree = "<group>"; };
		4152171B2BB4B12100E42E16 /* Preview Assets.xcassets */ = {isa = PBXFileReference; lastKnownFileType = folder.assetcatalog; path = "Preview Assets.xcassets"; sourceTree = "<group>"; };
		415217212BB4B12200E42E16 /* pbTests.xctest */ = {isa = PBXFileReference; explicitFileType = wrapper.cfbundle; includeInIndex = 0; path = pbTests.xctest; sourceTree = BUILT_PRODUCTS_DIR; };
		415217252BB4B12200E42E16 /* pbTests.swift */ = {isa = PBXFileReference; lastKnownFileType = sourcecode.swift; path = pbTests.swift; sourceTree = "<group>"; };
		4152172B2BB4B12200E42E16 /* pbUITests.xctest */ = {isa = PBXFileReference; explicitFileType = wrapper.cfbundle; includeInIndex = 0; path = pbUITests.xctest; sourceTree = BUILT_PRODUCTS_DIR; };
		4152172F2BB4B12200E42E16 /* pbUITests.swift */ = {isa = PBXFileReference; lastKnownFileType = sourcecode.swift; path = pbUITests.swift; sourceTree = "<group>"; };
		415217312BB4B12200E42E16 /* pbUITestsLaunchTests.swift */ = {isa = PBXFileReference; lastKnownFileType = sourcecode.swift; path = pbUITestsLaunchTests.swift; sourceTree = "<group>"; };
		4152173E2BB4B18E00E42E16 /* scoreView.swift */ = {isa = PBXFileReference; lastKnownFileType = sourcecode.swift; path = scoreView.swift; sourceTree = "<group>"; };
		415217442BB4BB1600E42E16 /* pb-watch Watch App.app */ = {isa = PBXFileReference; explicitFileType = wrapper.application; includeInIndex = 0; path = "pb-watch Watch App.app"; sourceTree = BUILT_PRODUCTS_DIR; };
		415217462BB4BB1600E42E16 /* pb_watchApp.swift */ = {isa = PBXFileReference; lastKnownFileType = sourcecode.swift; path = pb_watchApp.swift; sourceTree = "<group>"; };
		415217482BB4BB1600E42E16 /* ContentView.swift */ = {isa = PBXFileReference; lastKnownFileType = sourcecode.swift; path = ContentView.swift; sourceTree = "<group>"; };
		4152174A2BB4BB1900E42E16 /* Assets.xcassets */ = {isa = PBXFileReference; lastKnownFileType = folder.assetcatalog; path = Assets.xcassets; sourceTree = "<group>"; };
		4152174D2BB4BB1900E42E16 /* Preview Assets.xcassets */ = {isa = PBXFileReference; lastKnownFileType = folder.assetcatalog; path = "Preview Assets.xcassets"; sourceTree = "<group>"; };
		415217532BB4BB1900E42E16 /* pb-watch Watch AppTests.xctest */ = {isa = PBXFileReference; explicitFileType = wrapper.cfbundle; includeInIndex = 0; path = "pb-watch Watch AppTests.xctest"; sourceTree = BUILT_PRODUCTS_DIR; };
		415217572BB4BB1900E42E16 /* pb_watch_Watch_AppTests.swift */ = {isa = PBXFileReference; lastKnownFileType = sourcecode.swift; path = pb_watch_Watch_AppTests.swift; sourceTree = "<group>"; };
		4152175D2BB4BB1900E42E16 /* pb-watch Watch AppUITests.xctest */ = {isa = PBXFileReference; explicitFileType = wrapper.cfbundle; includeInIndex = 0; path = "pb-watch Watch AppUITests.xctest"; sourceTree = BUILT_PRODUCTS_DIR; };
		415217612BB4BB1900E42E16 /* pb_watch_Watch_AppUITests.swift */ = {isa = PBXFileReference; lastKnownFileType = sourcecode.swift; path = pb_watch_Watch_AppUITests.swift; sourceTree = "<group>"; };
		415217632BB4BB1900E42E16 /* pb_watch_Watch_AppUITestsLaunchTests.swift */ = {isa = PBXFileReference; lastKnownFileType = sourcecode.swift; path = pb_watch_Watch_AppUITestsLaunchTests.swift; sourceTree = "<group>"; };
		415217722BB4BC9C00E42E16 /* controlsView.swift */ = {isa = PBXFileReference; lastKnownFileType = sourcecode.swift; path = controlsView.swift; sourceTree = "<group>"; };
		415217742BB4C01C00E42E16 /* WatchConnector.swift */ = {isa = PBXFileReference; lastKnownFileType = sourcecode.swift; path = WatchConnector.swift; sourceTree = "<group>"; };
		415217762BB4C1FE00E42E16 /* PhoneConnector.swift */ = {isa = PBXFileReference; lastKnownFileType = sourcecode.swift; path = PhoneConnector.swift; sourceTree = "<group>"; };
/* End PBXFileReference section */

/* Begin PBXFrameworksBuildPhase section */
		4152170B2BB4B11F00E42E16 /* Frameworks */ = {
			isa = PBXFrameworksBuildPhase;
			buildActionMask = 2147483647;
			files = (
			);
			runOnlyForDeploymentPostprocessing = 0;
		};
		4152171E2BB4B12200E42E16 /* Frameworks */ = {
			isa = PBXFrameworksBuildPhase;
			buildActionMask = 2147483647;
			files = (
			);
			runOnlyForDeploymentPostprocessing = 0;
		};
		415217282BB4B12200E42E16 /* Frameworks */ = {
			isa = PBXFrameworksBuildPhase;
			buildActionMask = 2147483647;
			files = (
			);
			runOnlyForDeploymentPostprocessing = 0;
		};
		415217412BB4BB1600E42E16 /* Frameworks */ = {
			isa = PBXFrameworksBuildPhase;
			buildActionMask = 2147483647;
			files = (
			);
			runOnlyForDeploymentPostprocessing = 0;
		};
		415217502BB4BB1900E42E16 /* Frameworks */ = {
			isa = PBXFrameworksBuildPhase;
			buildActionMask = 2147483647;
			files = (
			);
			runOnlyForDeploymentPostprocessing = 0;
		};
		4152175A2BB4BB1900E42E16 /* Frameworks */ = {
			isa = PBXFrameworksBuildPhase;
			buildActionMask = 2147483647;
			files = (
			);
			runOnlyForDeploymentPostprocessing = 0;
		};
/* End PBXFrameworksBuildPhase section */

/* Begin PBXGroup section */
		415217052BB4B11F00E42E16 = {
			isa = PBXGroup;
			children = (
				415217102BB4B11F00E42E16 /* pb */,
				415217242BB4B12200E42E16 /* pbTests */,
				4152172E2BB4B12200E42E16 /* pbUITests */,
				415217452BB4BB1600E42E16 /* pb-watch Watch App */,
				415217562BB4BB1900E42E16 /* pb-watch Watch AppTests */,
				415217602BB4BB1900E42E16 /* pb-watch Watch AppUITests */,
				4152170F2BB4B11F00E42E16 /* Products */,
			);
			sourceTree = "<group>";
		};
		4152170F2BB4B11F00E42E16 /* Products */ = {
			isa = PBXGroup;
			children = (
				4152170E2BB4B11F00E42E16 /* pb.app */,
				415217212BB4B12200E42E16 /* pbTests.xctest */,
				4152172B2BB4B12200E42E16 /* pbUITests.xctest */,
				415217442BB4BB1600E42E16 /* pb-watch Watch App.app */,
				415217532BB4BB1900E42E16 /* pb-watch Watch AppTests.xctest */,
				4152175D2BB4BB1900E42E16 /* pb-watch Watch AppUITests.xctest */,
			);
			name = Products;
			sourceTree = "<group>";
		};
		415217102BB4B11F00E42E16 /* pb */ = {
			isa = PBXGroup;
			children = (
				415217112BB4B11F00E42E16 /* pbApp.swift */,
				4152173E2BB4B18E00E42E16 /* scoreView.swift */,
				415217742BB4C01C00E42E16 /* WatchConnector.swift */,
				415217132BB4B11F00E42E16 /* ContentView.swift */,
				415217152BB4B11F00E42E16 /* Item.swift */,
				415217172BB4B12100E42E16 /* Assets.xcassets */,
				415217192BB4B12100E42E16 /* pb.entitlements */,
				4152171A2BB4B12100E42E16 /* Preview Content */,
			);
			path = pb;
			sourceTree = "<group>";
		};
		4152171A2BB4B12100E42E16 /* Preview Content */ = {
			isa = PBXGroup;
			children = (
				4152171B2BB4B12100E42E16 /* Preview Assets.xcassets */,
			);
			path = "Preview Content";
			sourceTree = "<group>";
		};
		415217242BB4B12200E42E16 /* pbTests */ = {
			isa = PBXGroup;
			children = (
				415217252BB4B12200E42E16 /* pbTests.swift */,
			);
			path = pbTests;
			sourceTree = "<group>";
		};
		4152172E2BB4B12200E42E16 /* pbUITests */ = {
			isa = PBXGroup;
			children = (
				4152172F2BB4B12200E42E16 /* pbUITests.swift */,
				415217312BB4B12200E42E16 /* pbUITestsLaunchTests.swift */,
			);
			path = pbUITests;
			sourceTree = "<group>";
		};
		415217452BB4BB1600E42E16 /* pb-watch Watch App */ = {
			isa = PBXGroup;
			children = (
				415217462BB4BB1600E42E16 /* pb_watchApp.swift */,
				415217482BB4BB1600E42E16 /* ContentView.swift */,
				415217762BB4C1FE00E42E16 /* PhoneConnector.swift */,
				415217722BB4BC9C00E42E16 /* controlsView.swift */,
				4152174A2BB4BB1900E42E16 /* Assets.xcassets */,
				4152174C2BB4BB1900E42E16 /* Preview Content */,
			);
			path = "pb-watch Watch App";
			sourceTree = "<group>";
		};
		4152174C2BB4BB1900E42E16 /* Preview Content */ = {
			isa = PBXGroup;
			children = (
				4152174D2BB4BB1900E42E16 /* Preview Assets.xcassets */,
			);
			path = "Preview Content";
			sourceTree = "<group>";
		};
		415217562BB4BB1900E42E16 /* pb-watch Watch AppTests */ = {
			isa = PBXGroup;
			children = (
				415217572BB4BB1900E42E16 /* pb_watch_Watch_AppTests.swift */,
			);
			path = "pb-watch Watch AppTests";
			sourceTree = "<group>";
		};
		415217602BB4BB1900E42E16 /* pb-watch Watch AppUITests */ = {
			isa = PBXGroup;
			children = (
				415217612BB4BB1900E42E16 /* pb_watch_Watch_AppUITests.swift */,
				415217632BB4BB1900E42E16 /* pb_watch_Watch_AppUITestsLaunchTests.swift */,
			);
			path = "pb-watch Watch AppUITests";
			sourceTree = "<group>";
		};
/* End PBXGroup section */

/* Begin PBXNativeTarget section */
		4152170D2BB4B11F00E42E16 /* pb */ = {
			isa = PBXNativeTarget;
			buildConfigurationList = 415217352BB4B12200E42E16 /* Build configuration list for PBXNativeTarget "pb" */;
			buildPhases = (
				4152170A2BB4B11F00E42E16 /* Sources */,
				4152170B2BB4B11F00E42E16 /* Frameworks */,
				4152170C2BB4B11F00E42E16 /* Resources */,
				4152176B2BB4BB1900E42E16 /* Embed Watch Content */,
			);
			buildRules = (
			);
			dependencies = (
				415217662BB4BB1900E42E16 /* PBXTargetDependency */,
			);
			name = pb;
			productName = pb;
			productReference = 4152170E2BB4B11F00E42E16 /* pb.app */;
			productType = "com.apple.product-type.application";
		};
		415217202BB4B12200E42E16 /* pbTests */ = {
			isa = PBXNativeTarget;
			buildConfigurationList = 415217382BB4B12200E42E16 /* Build configuration list for PBXNativeTarget "pbTests" */;
			buildPhases = (
				4152171D2BB4B12200E42E16 /* Sources */,
				4152171E2BB4B12200E42E16 /* Frameworks */,
				4152171F2BB4B12200E42E16 /* Resources */,
			);
			buildRules = (
			);
			dependencies = (
				415217232BB4B12200E42E16 /* PBXTargetDependency */,
			);
			name = pbTests;
			productName = pbTests;
			productReference = 415217212BB4B12200E42E16 /* pbTests.xctest */;
			productType = "com.apple.product-type.bundle.unit-test";
		};
		4152172A2BB4B12200E42E16 /* pbUITests */ = {
			isa = PBXNativeTarget;
			buildConfigurationList = 4152173B2BB4B12200E42E16 /* Build configuration list for PBXNativeTarget "pbUITests" */;
			buildPhases = (
				415217272BB4B12200E42E16 /* Sources */,
				415217282BB4B12200E42E16 /* Frameworks */,
				415217292BB4B12200E42E16 /* Resources */,
			);
			buildRules = (
			);
			dependencies = (
				4152172D2BB4B12200E42E16 /* PBXTargetDependency */,
			);
			name = pbUITests;
			productName = pbUITests;
			productReference = 4152172B2BB4B12200E42E16 /* pbUITests.xctest */;
			productType = "com.apple.product-type.bundle.ui-testing";
		};
		415217432BB4BB1600E42E16 /* pb-watch Watch App */ = {
			isa = PBXNativeTarget;
			buildConfigurationList = 415217682BB4BB1900E42E16 /* Build configuration list for PBXNativeTarget "pb-watch Watch App" */;
			buildPhases = (
				415217402BB4BB1600E42E16 /* Sources */,
				415217412BB4BB1600E42E16 /* Frameworks */,
				415217422BB4BB1600E42E16 /* Resources */,
			);
			buildRules = (
			);
			dependencies = (
			);
			name = "pb-watch Watch App";
			productName = "pb-watch Watch App";
			productReference = 415217442BB4BB1600E42E16 /* pb-watch Watch App.app */;
			productType = "com.apple.product-type.application";
		};
		415217522BB4BB1900E42E16 /* pb-watch Watch AppTests */ = {
			isa = PBXNativeTarget;
			buildConfigurationList = 4152176C2BB4BB1900E42E16 /* Build configuration list for PBXNativeTarget "pb-watch Watch AppTests" */;
			buildPhases = (
				4152174F2BB4BB1900E42E16 /* Sources */,
				415217502BB4BB1900E42E16 /* Frameworks */,
				415217512BB4BB1900E42E16 /* Resources */,
			);
			buildRules = (
			);
			dependencies = (
				415217552BB4BB1900E42E16 /* PBXTargetDependency */,
			);
			name = "pb-watch Watch AppTests";
			productName = "pb-watch Watch AppTests";
			productReference = 415217532BB4BB1900E42E16 /* pb-watch Watch AppTests.xctest */;
			productType = "com.apple.product-type.bundle.unit-test";
		};
		4152175C2BB4BB1900E42E16 /* pb-watch Watch AppUITests */ = {
			isa = PBXNativeTarget;
			buildConfigurationList = 4152176F2BB4BB1900E42E16 /* Build configuration list for PBXNativeTarget "pb-watch Watch AppUITests" */;
			buildPhases = (
				415217592BB4BB1900E42E16 /* Sources */,
				4152175A2BB4BB1900E42E16 /* Frameworks */,
				4152175B2BB4BB1900E42E16 /* Resources */,
			);
			buildRules = (
			);
			dependencies = (
				4152175F2BB4BB1900E42E16 /* PBXTargetDependency */,
			);
			name = "pb-watch Watch AppUITests";
			productName = "pb-watch Watch AppUITests";
			productReference = 4152175D2BB4BB1900E42E16 /* pb-watch Watch AppUITests.xctest */;
			productType = "com.apple.product-type.bundle.ui-testing";
		};
/* End PBXNativeTarget section */

/* Begin PBXProject section */
		415217062BB4B11F00E42E16 /* Project object */ = {
			isa = PBXProject;
			attributes = {
				BuildIndependentTargetsInParallel = 1;
				LastSwiftUpdateCheck = 1530;
				LastUpgradeCheck = 1530;
				TargetAttributes = {
					4152170D2BB4B11F00E42E16 = {
						CreatedOnToolsVersion = 15.3;
					};
					415217202BB4B12200E42E16 = {
						CreatedOnToolsVersion = 15.3;
						TestTargetID = 4152170D2BB4B11F00E42E16;
					};
					4152172A2BB4B12200E42E16 = {
						CreatedOnToolsVersion = 15.3;
						TestTargetID = 4152170D2BB4B11F00E42E16;
					};
					415217432BB4BB1600E42E16 = {
						CreatedOnToolsVersion = 15.3;
					};
					415217522BB4BB1900E42E16 = {
						CreatedOnToolsVersion = 15.3;
						TestTargetID = 415217432BB4BB1600E42E16;
					};
					4152175C2BB4BB1900E42E16 = {
						CreatedOnToolsVersion = 15.3;
						TestTargetID = 415217432BB4BB1600E42E16;
					};
				};
			};
			buildConfigurationList = 415217092BB4B11F00E42E16 /* Build configuration list for PBXProject "pb" */;
			compatibilityVersion = "Xcode 14.0";
			developmentRegion = en;
			hasScannedForEncodings = 0;
			knownRegions = (
				en,
				Base,
			);
			mainGroup = 415217052BB4B11F00E42E16;
			productRefGroup = 4152170F2BB4B11F00E42E16 /* Products */;
			projectDirPath = "";
			projectRoot = "";
			targets = (
				4152170D2BB4B11F00E42E16 /* pb */,
				415217202BB4B12200E42E16 /* pbTests */,
				4152172A2BB4B12200E42E16 /* pbUITests */,
				415217432BB4BB1600E42E16 /* pb-watch Watch App */,
				415217522BB4BB1900E42E16 /* pb-watch Watch AppTests */,
				4152175C2BB4BB1900E42E16 /* pb-watch Watch AppUITests */,
			);
		};
/* End PBXProject section */

/* Begin PBXResourcesBuildPhase section */
		4152170C2BB4B11F00E42E16 /* Resources */ = {
			isa = PBXResourcesBuildPhase;
			buildActionMask = 2147483647;
			files = (
				4152171C2BB4B12100E42E16 /* Preview Assets.xcassets in Resources */,
				415217182BB4B12100E42E16 /* Assets.xcassets in Resources */,
			);
			runOnlyForDeploymentPostprocessing = 0;
		};
		4152171F2BB4B12200E42E16 /* Resources */ = {
			isa = PBXResourcesBuildPhase;
			buildActionMask = 2147483647;
			files = (
			);
			runOnlyForDeploymentPostprocessing = 0;
		};
		415217292BB4B12200E42E16 /* Resources */ = {
			isa = PBXResourcesBuildPhase;
			buildActionMask = 2147483647;
			files = (
			);
			runOnlyForDeploymentPostprocessing = 0;
		};
		415217422BB4BB1600E42E16 /* Resources */ = {
			isa = PBXResourcesBuildPhase;
			buildActionMask = 2147483647;
			files = (
				4152174E2BB4BB1900E42E16 /* Preview Assets.xcassets in Resources */,
				4152174B2BB4BB1900E42E16 /* Assets.xcassets in Resources */,
			);
			runOnlyForDeploymentPostprocessing = 0;
		};
		415217512BB4BB1900E42E16 /* Resources */ = {
			isa = PBXResourcesBuildPhase;
			buildActionMask = 2147483647;
			files = (
			);
			runOnlyForDeploymentPostprocessing = 0;
		};
		4152175B2BB4BB1900E42E16 /* Resources */ = {
			isa = PBXResourcesBuildPhase;
			buildActionMask = 2147483647;
			files = (
			);
			runOnlyForDeploymentPostprocessing = 0;
		};
/* End PBXResourcesBuildPhase section */

/* Begin PBXSourcesBuildPhase section */
		4152170A2BB4B11F00E42E16 /* Sources */ = {
			isa = PBXSourcesBuildPhase;
			buildActionMask = 2147483647;
			files = (
				415217142BB4B11F00E42E16 /* ContentView.swift in Sources */,
				415217752BB4C01C00E42E16 /* WatchConnector.swift in Sources */,
				4152173F2BB4B18E00E42E16 /* scoreView.swift in Sources */,
				415217162BB4B11F00E42E16 /* Item.swift in Sources */,
				415217122BB4B11F00E42E16 /* pbApp.swift in Sources */,
			);
			runOnlyForDeploymentPostprocessing = 0;
		};
		4152171D2BB4B12200E42E16 /* Sources */ = {
			isa = PBXSourcesBuildPhase;
			buildActionMask = 2147483647;
			files = (
				415217262BB4B12200E42E16 /* pbTests.swift in Sources */,
			);
			runOnlyForDeploymentPostprocessing = 0;
		};
		415217272BB4B12200E42E16 /* Sources */ = {
			isa = PBXSourcesBuildPhase;
			buildActionMask = 2147483647;
			files = (
				415217322BB4B12200E42E16 /* pbUITestsLaunchTests.swift in Sources */,
				415217302BB4B12200E42E16 /* pbUITests.swift in Sources */,
			);
			runOnlyForDeploymentPostprocessing = 0;
		};
		415217402BB4BB1600E42E16 /* Sources */ = {
			isa = PBXSourcesBuildPhase;
			buildActionMask = 2147483647;
			files = (
				415217772BB4C1FE00E42E16 /* PhoneConnector.swift in Sources */,
				415217492BB4BB1600E42E16 /* ContentView.swift in Sources */,
				415217732BB4BC9C00E42E16 /* controlsView.swift in Sources */,
				415217472BB4BB1600E42E16 /* pb_watchApp.swift in Sources */,
			);
			runOnlyForDeploymentPostprocessing = 0;
		};
		4152174F2BB4BB1900E42E16 /* Sources */ = {
			isa = PBXSourcesBuildPhase;
			buildActionMask = 2147483647;
			files = (
				415217582BB4BB1900E42E16 /* pb_watch_Watch_AppTests.swift in Sources */,
			);
			runOnlyForDeploymentPostprocessing = 0;
		};
		415217592BB4BB1900E42E16 /* Sources */ = {
			isa = PBXSourcesBuildPhase;
			buildActionMask = 2147483647;
			files = (
				415217642BB4BB1900E42E16 /* pb_watch_Watch_AppUITestsLaunchTests.swift in Sources */,
				415217622BB4BB1900E42E16 /* pb_watch_Watch_AppUITests.swift in Sources */,
			);
			runOnlyForDeploymentPostprocessing = 0;
		};
/* End PBXSourcesBuildPhase section */

/* Begin PBXTargetDependency section */
		415217232BB4B12200E42E16 /* PBXTargetDependency */ = {
			isa = PBXTargetDependency;
			target = 4152170D2BB4B11F00E42E16 /* pb */;
			targetProxy = 415217222BB4B12200E42E16 /* PBXContainerItemProxy */;
		};
		4152172D2BB4B12200E42E16 /* PBXTargetDependency */ = {
			isa = PBXTargetDependency;
			target = 4152170D2BB4B11F00E42E16 /* pb */;
			targetProxy = 4152172C2BB4B12200E42E16 /* PBXContainerItemProxy */;
		};
		415217552BB4BB1900E42E16 /* PBXTargetDependency */ = {
			isa = PBXTargetDependency;
			target = 415217432BB4BB1600E42E16 /* pb-watch Watch App */;
			targetProxy = 415217542BB4BB1900E42E16 /* PBXContainerItemProxy */;
		};
		4152175F2BB4BB1900E42E16 /* PBXTargetDependency */ = {
			isa = PBXTargetDependency;
			target = 415217432BB4BB1600E42E16 /* pb-watch Watch App */;
			targetProxy = 4152175E2BB4BB1900E42E16 /* PBXContainerItemProxy */;
		};
		415217662BB4BB1900E42E16 /* PBXTargetDependency */ = {
			isa = PBXTargetDependency;
			target = 415217432BB4BB1600E42E16 /* pb-watch Watch App */;
			targetProxy = 415217652BB4BB1900E42E16 /* PBXContainerItemProxy */;
		};
/* End PBXTargetDependency section */

/* Begin XCBuildConfiguration section */
		415217332BB4B12200E42E16 /* Debug */ = {
			isa = XCBuildConfiguration;
			buildSettings = {
				ALWAYS_SEARCH_USER_PATHS = NO;
				ASSETCATALOG_COMPILER_GENERATE_SWIFT_ASSET_SYMBOL_EXTENSIONS = YES;
				CLANG_ANALYZER_NONNULL = YES;
				CLANG_ANALYZER_NUMBER_OBJECT_CONVERSION = YES_AGGRESSIVE;
				CLANG_CXX_LANGUAGE_STANDARD = "gnu++20";
				CLANG_ENABLE_MODULES = YES;
				CLANG_ENABLE_OBJC_ARC = YES;
				CLANG_ENABLE_OBJC_WEAK = YES;
				CLANG_WARN_BLOCK_CAPTURE_AUTORELEASING = YES;
				CLANG_WARN_BOOL_CONVERSION = YES;
				CLANG_WARN_COMMA = YES;
				CLANG_WARN_CONSTANT_CONVERSION = YES;
				CLANG_WARN_DEPRECATED_OBJC_IMPLEMENTATIONS = YES;
				CLANG_WARN_DIRECT_OBJC_ISA_USAGE = YES_ERROR;
				CLANG_WARN_DOCUMENTATION_COMMENTS = YES;
				CLANG_WARN_EMPTY_BODY = YES;
				CLANG_WARN_ENUM_CONVERSION = YES;
				CLANG_WARN_INFINITE_RECURSION = YES;
				CLANG_WARN_INT_CONVERSION = YES;
				CLANG_WARN_NON_LITERAL_NULL_CONVERSION = YES;
				CLANG_WARN_OBJC_IMPLICIT_RETAIN_SELF = YES;
				CLANG_WARN_OBJC_LITERAL_CONVERSION = YES;
				CLANG_WARN_OBJC_ROOT_CLASS = YES_ERROR;
				CLANG_WARN_QUOTED_INCLUDE_IN_FRAMEWORK_HEADER = YES;
				CLANG_WARN_RANGE_LOOP_ANALYSIS = YES;
				CLANG_WARN_STRICT_PROTOTYPES = YES;
				CLANG_WARN_SUSPICIOUS_MOVE = YES;
				CLANG_WARN_UNGUARDED_AVAILABILITY = YES_AGGRESSIVE;
				CLANG_WARN_UNREACHABLE_CODE = YES;
				CLANG_WARN__DUPLICATE_METHOD_MATCH = YES;
				COPY_PHASE_STRIP = NO;
				DEBUG_INFORMATION_FORMAT = dwarf;
				ENABLE_STRICT_OBJC_MSGSEND = YES;
				ENABLE_TESTABILITY = YES;
				ENABLE_USER_SCRIPT_SANDBOXING = YES;
				GCC_C_LANGUAGE_STANDARD = gnu17;
				GCC_DYNAMIC_NO_PIC = NO;
				GCC_NO_COMMON_BLOCKS = YES;
				GCC_OPTIMIZATION_LEVEL = 0;
				GCC_PREPROCESSOR_DEFINITIONS = (
					"DEBUG=1",
					"$(inherited)",
				);
				GCC_WARN_64_TO_32_BIT_CONVERSION = YES;
				GCC_WARN_ABOUT_RETURN_TYPE = YES_ERROR;
				GCC_WARN_UNDECLARED_SELECTOR = YES;
				GCC_WARN_UNINITIALIZED_AUTOS = YES_AGGRESSIVE;
				GCC_WARN_UNUSED_FUNCTION = YES;
				GCC_WARN_UNUSED_VARIABLE = YES;
				LOCALIZATION_PREFERS_STRING_CATALOGS = YES;
				MTL_ENABLE_DEBUG_INFO = INCLUDE_SOURCE;
				MTL_FAST_MATH = YES;
				ONLY_ACTIVE_ARCH = YES;
				SWIFT_ACTIVE_COMPILATION_CONDITIONS = "DEBUG $(inherited)";
				SWIFT_OPTIMIZATION_LEVEL = "-Onone";
			};
			name = Debug;
		};
		415217342BB4B12200E42E16 /* Release */ = {
			isa = XCBuildConfiguration;
			buildSettings = {
				ALWAYS_SEARCH_USER_PATHS = NO;
				ASSETCATALOG_COMPILER_GENERATE_SWIFT_ASSET_SYMBOL_EXTENSIONS = YES;
				CLANG_ANALYZER_NONNULL = YES;
				CLANG_ANALYZER_NUMBER_OBJECT_CONVERSION = YES_AGGRESSIVE;
				CLANG_CXX_LANGUAGE_STANDARD = "gnu++20";
				CLANG_ENABLE_MODULES = YES;
				CLANG_ENABLE_OBJC_ARC = YES;
				CLANG_ENABLE_OBJC_WEAK = YES;
				CLANG_WARN_BLOCK_CAPTURE_AUTORELEASING = YES;
				CLANG_WARN_BOOL_CONVERSION = YES;
				CLANG_WARN_COMMA = YES;
				CLANG_WARN_CONSTANT_CONVERSION = YES;
				CLANG_WARN_DEPRECATED_OBJC_IMPLEMENTATIONS = YES;
				CLANG_WARN_DIRECT_OBJC_ISA_USAGE = YES_ERROR;
				CLANG_WARN_DOCUMENTATION_COMMENTS = YES;
				CLANG_WARN_EMPTY_BODY = YES;
				CLANG_WARN_ENUM_CONVERSION = YES;
				CLANG_WARN_INFINITE_RECURSION = YES;
				CLANG_WARN_INT_CONVERSION = YES;
				CLANG_WARN_NON_LITERAL_NULL_CONVERSION = YES;
				CLANG_WARN_OBJC_IMPLICIT_RETAIN_SELF = YES;
				CLANG_WARN_OBJC_LITERAL_CONVERSION = YES;
				CLANG_WARN_OBJC_ROOT_CLASS = YES_ERROR;
				CLANG_WARN_QUOTED_INCLUDE_IN_FRAMEWORK_HEADER = YES;
				CLANG_WARN_RANGE_LOOP_ANALYSIS = YES;
				CLANG_WARN_STRICT_PROTOTYPES = YES;
				CLANG_WARN_SUSPICIOUS_MOVE = YES;
				CLANG_WARN_UNGUARDED_AVAILABILITY = YES_AGGRESSIVE;
				CLANG_WARN_UNREACHABLE_CODE = YES;
				CLANG_WARN__DUPLICATE_METHOD_MATCH = YES;
				COPY_PHASE_STRIP = NO;
				DEBUG_INFORMATION_FORMAT = "dwarf-with-dsym";
				ENABLE_NS_ASSERTIONS = NO;
				ENABLE_STRICT_OBJC_MSGSEND = YES;
				ENABLE_USER_SCRIPT_SANDBOXING = YES;
				GCC_C_LANGUAGE_STANDARD = gnu17;
				GCC_NO_COMMON_BLOCKS = YES;
				GCC_WARN_64_TO_32_BIT_CONVERSION = YES;
				GCC_WARN_ABOUT_RETURN_TYPE = YES_ERROR;
				GCC_WARN_UNDECLARED_SELECTOR = YES;
				GCC_WARN_UNINITIALIZED_AUTOS = YES_AGGRESSIVE;
				GCC_WARN_UNUSED_FUNCTION = YES;
				GCC_WARN_UNUSED_VARIABLE = YES;
				LOCALIZATION_PREFERS_STRING_CATALOGS = YES;
				MTL_ENABLE_DEBUG_INFO = NO;
				MTL_FAST_MATH = YES;
				SWIFT_COMPILATION_MODE = wholemodule;
			};
			name = Release;
		};
		415217362BB4B12200E42E16 /* Debug */ = {
			isa = XCBuildConfiguration;
			buildSettings = {
				ALWAYS_EMBED_SWIFT_STANDARD_LIBRARIES = YES;
				ASSETCATALOG_COMPILER_APPICON_NAME = AppIcon;
				ASSETCATALOG_COMPILER_GLOBAL_ACCENT_COLOR_NAME = AccentColor;
				CODE_SIGN_ENTITLEMENTS = pb/pb.entitlements;
				CODE_SIGN_STYLE = Automatic;
				CURRENT_PROJECT_VERSION = 1;
				DEVELOPMENT_ASSET_PATHS = "\"pb/Preview Content\"";
				ENABLE_PREVIEWS = YES;
				GENERATE_INFOPLIST_FILE = YES;
				"INFOPLIST_KEY_UIApplicationSceneManifest_Generation[sdk=iphoneos*]" = YES;
				"INFOPLIST_KEY_UIApplicationSceneManifest_Generation[sdk=iphonesimulator*]" = YES;
				"INFOPLIST_KEY_UIApplicationSupportsIndirectInputEvents[sdk=iphoneos*]" = YES;
				"INFOPLIST_KEY_UIApplicationSupportsIndirectInputEvents[sdk=iphonesimulator*]" = YES;
				"INFOPLIST_KEY_UILaunchScreen_Generation[sdk=iphoneos*]" = YES;
				"INFOPLIST_KEY_UILaunchScreen_Generation[sdk=iphonesimulator*]" = YES;
				"INFOPLIST_KEY_UIStatusBarStyle[sdk=iphoneos*]" = UIStatusBarStyleDefault;
				"INFOPLIST_KEY_UIStatusBarStyle[sdk=iphonesimulator*]" = UIStatusBarStyleDefault;
				INFOPLIST_KEY_UISupportedInterfaceOrientations_iPad = "UIInterfaceOrientationPortrait UIInterfaceOrientationPortraitUpsideDown UIInterfaceOrientationLandscapeLeft UIInterfaceOrientationLandscapeRight";
				INFOPLIST_KEY_UISupportedInterfaceOrientations_iPhone = "UIInterfaceOrientationPortrait UIInterfaceOrientationLandscapeLeft UIInterfaceOrientationLandscapeRight";
				IPHONEOS_DEPLOYMENT_TARGET = 17.4;
				LD_RUNPATH_SEARCH_PATHS = "@executable_path/Frameworks";
				"LD_RUNPATH_SEARCH_PATHS[sdk=macosx*]" = "@executable_path/../Frameworks";
				MACOSX_DEPLOYMENT_TARGET = 14.0;
				MARKETING_VERSION = 1.0;
				PRODUCT_BUNDLE_IDENTIFIER = crump.pb;
				PRODUCT_NAME = "$(TARGET_NAME)";
				SDKROOT = auto;
				SUPPORTED_PLATFORMS = "iphoneos iphonesimulator macosx";
				SWIFT_EMIT_LOC_STRINGS = YES;
				SWIFT_VERSION = 5.0;
				TARGETED_DEVICE_FAMILY = "1,2";
			};
			name = Debug;
		};
		415217372BB4B12200E42E16 /* Release */ = {
			isa = XCBuildConfiguration;
			buildSettings = {
				ALWAYS_EMBED_SWIFT_STANDARD_LIBRARIES = YES;
				ASSETCATALOG_COMPILER_APPICON_NAME = AppIcon;
				ASSETCATALOG_COMPILER_GLOBAL_ACCENT_COLOR_NAME = AccentColor;
				CODE_SIGN_ENTITLEMENTS = pb/pb.entitlements;
				CODE_SIGN_STYLE = Automatic;
				CURRENT_PROJECT_VERSION = 1;
				DEVELOPMENT_ASSET_PATHS = "\"pb/Preview Content\"";
				ENABLE_PREVIEWS = YES;
				GENERATE_INFOPLIST_FILE = YES;
				"INFOPLIST_KEY_UIApplicationSceneManifest_Generation[sdk=iphoneos*]" = YES;
				"INFOPLIST_KEY_UIApplicationSceneManifest_Generation[sdk=iphonesimulator*]" = YES;
				"INFOPLIST_KEY_UIApplicationSupportsIndirectInputEvents[sdk=iphoneos*]" = YES;
				"INFOPLIST_KEY_UIApplicationSupportsIndirectInputEvents[sdk=iphonesimulator*]" = YES;
				"INFOPLIST_KEY_UILaunchScreen_Generation[sdk=iphoneos*]" = YES;
				"INFOPLIST_KEY_UILaunchScreen_Generation[sdk=iphonesimulator*]" = YES;
				"INFOPLIST_KEY_UIStatusBarStyle[sdk=iphoneos*]" = UIStatusBarStyleDefault;
				"INFOPLIST_KEY_UIStatusBarStyle[sdk=iphonesimulator*]" = UIStatusBarStyleDefault;
				INFOPLIST_KEY_UISupportedInterfaceOrientations_iPad = "UIInterfaceOrientationPortrait UIInterfaceOrientationPortraitUpsideDown UIInterfaceOrientationLandscapeLeft UIInterfaceOrientationLandscapeRight";
				INFOPLIST_KEY_UISupportedInterfaceOrientations_iPhone = "UIInterfaceOrientationPortrait UIInterfaceOrientationLandscapeLeft UIInterfaceOrientationLandscapeRight";
				IPHONEOS_DEPLOYMENT_TARGET = 17.4;
				LD_RUNPATH_SEARCH_PATHS = "@executable_path/Frameworks";
				"LD_RUNPATH_SEARCH_PATHS[sdk=macosx*]" = "@executable_path/../Frameworks";
				MACOSX_DEPLOYMENT_TARGET = 14.0;
				MARKETING_VERSION = 1.0;
				PRODUCT_BUNDLE_IDENTIFIER = crump.pb;
				PRODUCT_NAME = "$(TARGET_NAME)";
				SDKROOT = auto;
				SUPPORTED_PLATFORMS = "iphoneos iphonesimulator macosx";
				SWIFT_EMIT_LOC_STRINGS = YES;
				SWIFT_VERSION = 5.0;
				TARGETED_DEVICE_FAMILY = "1,2";
			};
			name = Release;
		};
		415217392BB4B12200E42E16 /* Debug */ = {
			isa = XCBuildConfiguration;
			buildSettings = {
				ALWAYS_EMBED_SWIFT_STANDARD_LIBRARIES = YES;
				BUNDLE_LOADER = "$(TEST_HOST)";
				CODE_SIGN_STYLE = Automatic;
				CURRENT_PROJECT_VERSION = 1;
				GENERATE_INFOPLIST_FILE = YES;
				IPHONEOS_DEPLOYMENT_TARGET = 17.4;
				MACOSX_DEPLOYMENT_TARGET = 14.2;
				MARKETING_VERSION = 1.0;
				PRODUCT_BUNDLE_IDENTIFIER = crump.pbTests;
				PRODUCT_NAME = "$(TARGET_NAME)";
				SDKROOT = auto;
				SUPPORTED_PLATFORMS = "iphoneos iphonesimulator macosx";
				SWIFT_EMIT_LOC_STRINGS = NO;
				SWIFT_VERSION = 5.0;
				TARGETED_DEVICE_FAMILY = "1,2";
				TEST_HOST = "$(BUILT_PRODUCTS_DIR)/pb.app/$(BUNDLE_EXECUTABLE_FOLDER_PATH)/pb";
			};
			name = Debug;
		};
		4152173A2BB4B12200E42E16 /* Release */ = {
			isa = XCBuildConfiguration;
			buildSettings = {
				ALWAYS_EMBED_SWIFT_STANDARD_LIBRARIES = YES;
				BUNDLE_LOADER = "$(TEST_HOST)";
				CODE_SIGN_STYLE = Automatic;
				CURRENT_PROJECT_VERSION = 1;
				GENERATE_INFOPLIST_FILE = YES;
				IPHONEOS_DEPLOYMENT_TARGET = 17.4;
				MACOSX_DEPLOYMENT_TARGET = 14.2;
				MARKETING_VERSION = 1.0;
				PRODUCT_BUNDLE_IDENTIFIER = crump.pbTests;
				PRODUCT_NAME = "$(TARGET_NAME)";
				SDKROOT = auto;
				SUPPORTED_PLATFORMS = "iphoneos iphonesimulator macosx";
				SWIFT_EMIT_LOC_STRINGS = NO;
				SWIFT_VERSION = 5.0;
				TARGETED_DEVICE_FAMILY = "1,2";
				TEST_HOST = "$(BUILT_PRODUCTS_DIR)/pb.app/$(BUNDLE_EXECUTABLE_FOLDER_PATH)/pb";
			};
			name = Release;
		};
		4152173C2BB4B12200E42E16 /* Debug */ = {
			isa = XCBuildConfiguration;
			buildSettings = {
				ALWAYS_EMBED_SWIFT_STANDARD_LIBRARIES = YES;
				CODE_SIGN_STYLE = Automatic;
				CURRENT_PROJECT_VERSION = 1;
				GENERATE_INFOPLIST_FILE = YES;
				IPHONEOS_DEPLOYMENT_TARGET = 17.4;
				MACOSX_DEPLOYMENT_TARGET = 14.2;
				MARKETING_VERSION = 1.0;
				PRODUCT_BUNDLE_IDENTIFIER = crump.pbUITests;
				PRODUCT_NAME = "$(TARGET_NAME)";
				SDKROOT = auto;
				SUPPORTED_PLATFORMS = "iphoneos iphonesimulator macosx";
				SWIFT_EMIT_LOC_STRINGS = NO;
				SWIFT_VERSION = 5.0;
				TARGETED_DEVICE_FAMILY = "1,2";
				TEST_TARGET_NAME = pb;
			};
			name = Debug;
		};
		4152173D2BB4B12200E42E16 /* Release */ = {
			isa = XCBuildConfiguration;
			buildSettings = {
				ALWAYS_EMBED_SWIFT_STANDARD_LIBRARIES = YES;
				CODE_SIGN_STYLE = Automatic;
				CURRENT_PROJECT_VERSION = 1;
				GENERATE_INFOPLIST_FILE = YES;
				IPHONEOS_DEPLOYMENT_TARGET = 17.4;
				MACOSX_DEPLOYMENT_TARGET = 14.2;
				MARKETING_VERSION = 1.0;
				PRODUCT_BUNDLE_IDENTIFIER = crump.pbUITests;
				PRODUCT_NAME = "$(TARGET_NAME)";
				SDKROOT = auto;
				SUPPORTED_PLATFORMS = "iphoneos iphonesimulator macosx";
				SWIFT_EMIT_LOC_STRINGS = NO;
				SWIFT_VERSION = 5.0;
				TARGETED_DEVICE_FAMILY = "1,2";
				TEST_TARGET_NAME = pb;
			};
			name = Release;
		};
		415217692BB4BB1900E42E16 /* Debug */ = {
			isa = XCBuildConfiguration;
			buildSettings = {
				ASSETCATALOG_COMPILER_APPICON_NAME = AppIcon;
				ASSETCATALOG_COMPILER_GLOBAL_ACCENT_COLOR_NAME = AccentColor;
				CODE_SIGN_STYLE = Automatic;
				CURRENT_PROJECT_VERSION = 1;
				DEVELOPMENT_ASSET_PATHS = "\"pb-watch Watch App/Preview Content\"";
				ENABLE_PREVIEWS = YES;
				GENERATE_INFOPLIST_FILE = YES;
				INFOPLIST_KEY_CFBundleDisplayName = "pb-watch";
				INFOPLIST_KEY_UISupportedInterfaceOrientations = "UIInterfaceOrientationPortrait UIInterfaceOrientationPortraitUpsideDown";
				INFOPLIST_KEY_WKCompanionAppBundleIdentifier = crump.pb;
				LD_RUNPATH_SEARCH_PATHS = (
					"$(inherited)",
					"@executable_path/Frameworks",
				);
				MARKETING_VERSION = 1.0;
				PRODUCT_BUNDLE_IDENTIFIER = crump.pb.watchkitapp;
				PRODUCT_NAME = "$(TARGET_NAME)";
				SDKROOT = watchos;
				SKIP_INSTALL = YES;
				SWIFT_EMIT_LOC_STRINGS = YES;
				SWIFT_VERSION = 5.0;
				TARGETED_DEVICE_FAMILY = 4;
				WATCHOS_DEPLOYMENT_TARGET = 10.4;
			};
			name = Debug;
		};
		4152176A2BB4BB1900E42E16 /* Release */ = {
			isa = XCBuildConfiguration;
			buildSettings = {
				ASSETCATALOG_COMPILER_APPICON_NAME = AppIcon;
				ASSETCATALOG_COMPILER_GLOBAL_ACCENT_COLOR_NAME = AccentColor;
				CODE_SIGN_STYLE = Automatic;
				CURRENT_PROJECT_VERSION = 1;
				DEVELOPMENT_ASSET_PATHS = "\"pb-watch Watch App/Preview Content\"";
				ENABLE_PREVIEWS = YES;
				GENERATE_INFOPLIST_FILE = YES;
				INFOPLIST_KEY_CFBundleDisplayName = "pb-watch";
				INFOPLIST_KEY_UISupportedInterfaceOrientations = "UIInterfaceOrientationPortrait UIInterfaceOrientationPortraitUpsideDown";
				INFOPLIST_KEY_WKCompanionAppBundleIdentifier = crump.pb;
				LD_RUNPATH_SEARCH_PATHS = (
					"$(inherited)",
					"@executable_path/Frameworks",
				);
				MARKETING_VERSION = 1.0;
				PRODUCT_BUNDLE_IDENTIFIER = crump.pb.watchkitapp;
				PRODUCT_NAME = "$(TARGET_NAME)";
				SDKROOT = watchos;
				SKIP_INSTALL = YES;
				SWIFT_EMIT_LOC_STRINGS = YES;
				SWIFT_VERSION = 5.0;
				TARGETED_DEVICE_FAMILY = 4;
				VALIDATE_PRODUCT = YES;
				WATCHOS_DEPLOYMENT_TARGET = 10.4;
			};
			name = Release;
		};
		4152176D2BB4BB1900E42E16 /* Debug */ = {
			isa = XCBuildConfiguration;
			buildSettings = {
				ALWAYS_EMBED_SWIFT_STANDARD_LIBRARIES = YES;
				BUNDLE_LOADER = "$(TEST_HOST)";
				CODE_SIGN_STYLE = Automatic;
				CURRENT_PROJECT_VERSION = 1;
				GENERATE_INFOPLIST_FILE = YES;
				MARKETING_VERSION = 1.0;
				PRODUCT_BUNDLE_IDENTIFIER = "crump.pb-watch-Watch-AppTests";
				PRODUCT_NAME = "$(TARGET_NAME)";
				SDKROOT = watchos;
				SWIFT_EMIT_LOC_STRINGS = NO;
				SWIFT_VERSION = 5.0;
				TARGETED_DEVICE_FAMILY = 4;
				TEST_HOST = "$(BUILT_PRODUCTS_DIR)/pb-watch Watch App.app/$(BUNDLE_EXECUTABLE_FOLDER_PATH)/pb-watch Watch App";
				WATCHOS_DEPLOYMENT_TARGET = 10.4;
			};
			name = Debug;
		};
		4152176E2BB4BB1900E42E16 /* Release */ = {
			isa = XCBuildConfiguration;
			buildSettings = {
				ALWAYS_EMBED_SWIFT_STANDARD_LIBRARIES = YES;
				BUNDLE_LOADER = "$(TEST_HOST)";
				CODE_SIGN_STYLE = Automatic;
				CURRENT_PROJECT_VERSION = 1;
				GENERATE_INFOPLIST_FILE = YES;
				MARKETING_VERSION = 1.0;
				PRODUCT_BUNDLE_IDENTIFIER = "crump.pb-watch-Watch-AppTests";
				PRODUCT_NAME = "$(TARGET_NAME)";
				SDKROOT = watchos;
				SWIFT_EMIT_LOC_STRINGS = NO;
				SWIFT_VERSION = 5.0;
				TARGETED_DEVICE_FAMILY = 4;
				TEST_HOST = "$(BUILT_PRODUCTS_DIR)/pb-watch Watch App.app/$(BUNDLE_EXECUTABLE_FOLDER_PATH)/pb-watch Watch App";
				VALIDATE_PRODUCT = YES;
				WATCHOS_DEPLOYMENT_TARGET = 10.4;
			};
			name = Release;
		};
		415217702BB4BB1900E42E16 /* Debug */ = {
			isa = XCBuildConfiguration;
			buildSettings = {
				ALWAYS_EMBED_SWIFT_STANDARD_LIBRARIES = YES;
				CODE_SIGN_STYLE = Automatic;
				CURRENT_PROJECT_VERSION = 1;
				GENERATE_INFOPLIST_FILE = YES;
				MARKETING_VERSION = 1.0;
				PRODUCT_BUNDLE_IDENTIFIER = "crump.pb-watch-Watch-AppUITests";
				PRODUCT_NAME = "$(TARGET_NAME)";
				SDKROOT = watchos;
				SWIFT_EMIT_LOC_STRINGS = NO;
				SWIFT_VERSION = 5.0;
				TARGETED_DEVICE_FAMILY = 4;
				TEST_TARGET_NAME = "pb-watch Watch App";
				WATCHOS_DEPLOYMENT_TARGET = 10.4;
			};
			name = Debug;
		};
		415217712BB4BB1900E42E16 /* Release */ = {
			isa = XCBuildConfiguration;
			buildSettings = {
				ALWAYS_EMBED_SWIFT_STANDARD_LIBRARIES = YES;
				CODE_SIGN_STYLE = Automatic;
				CURRENT_PROJECT_VERSION = 1;
				GENERATE_INFOPLIST_FILE = YES;
				MARKETING_VERSION = 1.0;
				PRODUCT_BUNDLE_IDENTIFIER = "crump.pb-watch-Watch-AppUITests";
				PRODUCT_NAME = "$(TARGET_NAME)";
				SDKROOT = watchos;
				SWIFT_EMIT_LOC_STRINGS = NO;
				SWIFT_VERSION = 5.0;
				TARGETED_DEVICE_FAMILY = 4;
				TEST_TARGET_NAME = "pb-watch Watch App";
				VALIDATE_PRODUCT = YES;
				WATCHOS_DEPLOYMENT_TARGET = 10.4;
			};
			name = Release;
		};
/* End XCBuildConfiguration section */

/* Begin XCConfigurationList section */
		415217092BB4B11F00E42E16 /* Build configuration list for PBXProject "pb" */ = {
			isa = XCConfigurationList;
			buildConfigurations = (
				415217332BB4B12200E42E16 /* Debug */,
				415217342BB4B12200E42E16 /* Release */,
			);
			defaultConfigurationIsVisible = 0;
			defaultConfigurationName = Release;
		};
		415217352BB4B12200E42E16 /* Build configuration list for PBXNativeTarget "pb" */ = {
			isa = XCConfigurationList;
			buildConfigurations = (
				415217362BB4B12200E42E16 /* Debug */,
				415217372BB4B12200E42E16 /* Release */,
			);
			defaultConfigurationIsVisible = 0;
			defaultConfigurationName = Release;
		};
		415217382BB4B12200E42E16 /* Build configuration list for PBXNativeTarget "pbTests" */ = {
			isa = XCConfigurationList;
			buildConfigurations = (
				415217392BB4B12200E42E16 /* Debug */,
				4152173A2BB4B12200E42E16 /* Release */,
			);
			defaultConfigurationIsVisible = 0;
			defaultConfigurationName = Release;
		};
		4152173B2BB4B12200E42E16 /* Build configuration list for PBXNativeTarget "pbUITests" */ = {
			isa = XCConfigurationList;
			buildConfigurations = (
				4152173C2BB4B12200E42E16 /* Debug */,
				4152173D2BB4B12200E42E16 /* Release */,
			);
			defaultConfigurationIsVisible = 0;
			defaultConfigurationName = Release;
		};
		415217682BB4BB1900E42E16 /* Build configuration list for PBXNativeTarget "pb-watch Watch App" */ = {
			isa = XCConfigurationList;
			buildConfigurations = (
				415217692BB4BB1900E42E16 /* Debug */,
				4152176A2BB4BB1900E42E16 /* Release */,
			);
			defaultConfigurationIsVisible = 0;
			defaultConfigurationName = Release;
		};
		4152176C2BB4BB1900E42E16 /* Build configuration list for PBXNativeTarget "pb-watch Watch AppTests" */ = {
			isa = XCConfigurationList;
			buildConfigurations = (
				4152176D2BB4BB1900E42E16 /* Debug */,
				4152176E2BB4BB1900E42E16 /* Release */,
			);
			defaultConfigurationIsVisible = 0;
			defaultConfigurationName = Release;
		};
		4152176F2BB4BB1900E42E16 /* Build configuration list for PBXNativeTarget "pb-watch Watch AppUITests" */ = {
			isa = XCConfigurationList;
			buildConfigurations = (
				415217702BB4BB1900E42E16 /* Debug */,
				415217712BB4BB1900E42E16 /* Release */,
			);
			defaultConfigurationIsVisible = 0;
			defaultConfigurationName = Release;
		};
/* End XCConfigurationList section */
	};
	rootObject = 415217062BB4B11F00E42E16 /* Project object */;
}
